
Microsoft Visual Studio Solution File, Format Version 12.00
# Visual Studio Version 17
VisualStudioVersion = 17.7.34018.315
MinimumVisualStudioVersion = 10.0.40219.1
Project("{FAE04EC0-301F-11D3-BF4B-00C04F79EFBC}") = "Exercise 10", "Exercise 10\Exercise 10.csproj", "{B232B64D-6A0F-4492-89E9-699645C6947E}"
EndProject
Global
	GlobalSection(SolutionConfigurationPlatforms) = preSolution
		Debug|Any CPU = Debug|Any CPU
		Release|Any CPU = Release|Any CPU
	EndGlobalSection
	GlobalSection(ProjectConfigurationPlatforms) = postSolution
		{B232B64D-6A0F-4492-89E9-699645C6947E}.Debug|Any CPU.ActiveCfg = Debug|Any CPU
		{B232B64D-6A0F-4492-89E9-699645C6947E}.Debug|Any CPU.Build.0 = Debug|Any CPU
		{B232B64D-6A0F-4492-89E9-699645C6947E}.Release|Any CPU.ActiveCfg = Release|Any CPU
		{B232B64D-6A0F-4492-89E9-699645C6947E}.Release|Any CPU.Build.0 = Release|Any CPU
	EndGlobalSection
	GlobalSection(SolutionProperties) = preSolution
		HideSolutionNode = FALSE
	EndGlobalSection
	GlobalSection(ExtensibilityGlobals) = postSolution
		SolutionGuid = {3272C654-A3AD-4A47-8A14-7FC8A33B018B}
	EndGlobalSection
EndGlobal
